// !$*UTF8*$!
{
	archiveVersion = 1;
	classes = {
	};
	objectVersion = 50;
	objects = {

/* Begin PBXBuildFile section */
		9B5C3C4E242EF65E00718FA5 /* CryptoSwift.framework in Frameworks */ = {isa = PBXBuildFile; fileRef = 9B5C3C43242EF5FE00718FA5 /* CryptoSwift.framework */; };
		9B5C3C902430A4C100718FA5 /* MovieFilterFixTestsBundle.swift in Sources */ = {isa = PBXBuildFile; fileRef = 9B5C3C8F2430A4C100718FA5 /* MovieFilterFixTestsBundle.swift */; };
		9B718C612428481700B2E068 /* AppDelegate.swift in Sources */ = {isa = PBXBuildFile; fileRef = 9B718C602428481700B2E068 /* AppDelegate.swift */; };
		9B718C632428481700B2E068 /* SceneDelegate.swift in Sources */ = {isa = PBXBuildFile; fileRef = 9B718C622428481700B2E068 /* SceneDelegate.swift */; };
		9B718C652428481700B2E068 /* ViewController.swift in Sources */ = {isa = PBXBuildFile; fileRef = 9B718C642428481700B2E068 /* ViewController.swift */; };
		9B718C682428481700B2E068 /* Main.storyboard in Resources */ = {isa = PBXBuildFile; fileRef = 9B718C662428481700B2E068 /* Main.storyboard */; };
		9B718C6A2428481A00B2E068 /* Assets.xcassets in Resources */ = {isa = PBXBuildFile; fileRef = 9B718C692428481A00B2E068 /* Assets.xcassets */; };
		9B718C6D2428481A00B2E068 /* LaunchScreen.storyboard in Resources */ = {isa = PBXBuildFile; fileRef = 9B718C6B2428481A00B2E068 /* LaunchScreen.storyboard */; };
		9B718C86242849D100B2E068 /* MovieManager.swift in Sources */ = {isa = PBXBuildFile; fileRef = 9B718C85242849D100B2E068 /* MovieManager.swift */; };
		9BF98E79242ED5A700BCDA3B /* libSort.c in Sources */ = {isa = PBXBuildFile; fileRef = 9BF98E78242ED5A600BCDA3B /* libSort.c */; };
/* End PBXBuildFile section */

/* Begin PBXContainerItemProxy section */
		9B5C3C42242EF5FE00718FA5 /* PBXContainerItemProxy */ = {
			isa = PBXContainerItemProxy;
			containerPortal = 9B5C3C3A242EF5FE00718FA5 /* CryptoSwift.xcodeproj */;
			proxyType = 2;
			remoteGlobalIDString = 754BE45519693E190098E6F3;
			remoteInfo = CryptoSwift;
		};
		9B5C3C44242EF5FE00718FA5 /* PBXContainerItemProxy */ = {
			isa = PBXContainerItemProxy;
			containerPortal = 9B5C3C3A242EF5FE00718FA5 /* CryptoSwift.xcodeproj */;
			proxyType = 2;
			remoteGlobalIDString = 75211F92207249D8004E41F8;
			remoteInfo = "CryptoSwift-TestHostApp";
		};
		9B5C3C46242EF5FE00718FA5 /* PBXContainerItemProxy */ = {
			isa = PBXContainerItemProxy;
			containerPortal = 9B5C3C3A242EF5FE00718FA5 /* CryptoSwift.xcodeproj */;
			proxyType = 2;
			remoteGlobalIDString = 754BE46019693E190098E6F3;
			remoteInfo = CryptoSwiftTests;
		};
		9B5C3C48242EF5FE00718FA5 /* PBXContainerItemProxy */ = {
			isa = PBXContainerItemProxy;
			containerPortal = 9B5C3C3A242EF5FE00718FA5 /* CryptoSwift.xcodeproj */;
			proxyType = 2;
			remoteGlobalIDString = 7595C14A2072E48C00EA1A5F;
			remoteInfo = "TestsPerformance-Mac";
		};
		9B5C3C4A242EF5FE00718FA5 /* PBXContainerItemProxy */ = {
			isa = PBXContainerItemProxy;
			containerPortal = 9B5C3C3A242EF5FE00718FA5 /* CryptoSwift.xcodeproj */;
			proxyType = 2;
			remoteGlobalIDString = 7564F0602072EAEB00CA5A96;
			remoteInfo = "TestsPerformance-iOS";
		};
		9B5C3C4C242EF63400718FA5 /* PBXContainerItemProxy */ = {
			isa = PBXContainerItemProxy;
			containerPortal = 9B5C3C3A242EF5FE00718FA5 /* CryptoSwift.xcodeproj */;
			proxyType = 1;
			remoteGlobalIDString = 754BE45419693E190098E6F3;
			remoteInfo = CryptoSwift;
		};
		9B5C3C922430A4C100718FA5 /* PBXContainerItemProxy */ = {
			isa = PBXContainerItemProxy;
			containerPortal = 9B718C552428481700B2E068 /* Project object */;
			proxyType = 1;
			remoteGlobalIDString = 9B718C5C2428481700B2E068;
			remoteInfo = MovieFilterFix;
		};
		9B718C742428481A00B2E068 /* PBXContainerItemProxy */ = {
			isa = PBXContainerItemProxy;
			containerPortal = 9B718C552428481700B2E068 /* Project object */;
			proxyType = 1;
			remoteGlobalIDString = 9B718C5C2428481700B2E068;
			remoteInfo = MovieFilterFix;
		};
/* End PBXContainerItemProxy section */

/* Begin PBXFileReference section */
		9B47BE122428F395002021FA /* libsortLib.a */ = {isa = PBXFileReference; lastKnownFileType = archive.ar; name = libsortLib.a; path = MovieFilterFix/libsortLib.a; sourceTree = "<group>"; };
		9B5C3C3A242EF5FE00718FA5 /* CryptoSwift.xcodeproj */ = {isa = PBXFileReference; lastKnownFileType = "wrapper.pb-project"; name = CryptoSwift.xcodeproj; path = CryptoSwift/CryptoSwift.xcodeproj; sourceTree = "<group>"; };
		9B5C3C8D2430A4C100718FA5 /* MovieFilterFixTestsBundle.xctest */ = {isa = PBXFileReference; explicitFileType = wrapper.cfbundle; includeInIndex = 0; path = MovieFilterFixTestsBundle.xctest; sourceTree = BUILT_PRODUCTS_DIR; };
		9B5C3C8F2430A4C100718FA5 /* MovieFilterFixTestsBundle.swift */ = {isa = PBXFileReference; lastKnownFileType = sourcecode.swift; path = MovieFilterFixTestsBundle.swift; sourceTree = "<group>"; };
		9B5C3C912430A4C100718FA5 /* Info.plist */ = {isa = PBXFileReference; lastKnownFileType = text.plist.xml; path = Info.plist; sourceTree = "<group>"; };
		9B718C5D2428481700B2E068 /* MovieFilterFix.app */ = {isa = PBXFileReference; explicitFileType = wrapper.application; includeInIndex = 0; path = MovieFilterFix.app; sourceTree = BUILT_PRODUCTS_DIR; };
		9B718C602428481700B2E068 /* AppDelegate.swift */ = {isa = PBXFileReference; lastKnownFileType = sourcecode.swift; path = AppDelegate.swift; sourceTree = "<group>"; };
		9B718C622428481700B2E068 /* SceneDelegate.swift */ = {isa = PBXFileReference; lastKnownFileType = sourcecode.swift; path = SceneDelegate.swift; sourceTree = "<group>"; };
		9B718C642428481700B2E068 /* ViewController.swift */ = {isa = PBXFileReference; lastKnownFileType = sourcecode.swift; path = ViewController.swift; sourceTree = "<group>"; };
		9B718C672428481700B2E068 /* Base */ = {isa = PBXFileReference; lastKnownFileType = file.storyboard; name = Base; path = Base.lproj/Main.storyboard; sourceTree = "<group>"; };
		9B718C692428481A00B2E068 /* Assets.xcassets */ = {isa = PBXFileReference; lastKnownFileType = folder.assetcatalog; path = Assets.xcassets; sourceTree = "<group>"; };
		9B718C6C2428481A00B2E068 /* Base */ = {isa = PBXFileReference; lastKnownFileType = file.storyboard; name = Base; path = Base.lproj/LaunchScreen.storyboard; sourceTree = "<group>"; };
		9B718C6E2428481A00B2E068 /* Info.plist */ = {isa = PBXFileReference; lastKnownFileType = text.plist.xml; path = Info.plist; sourceTree = "<group>"; };
		9B718C732428481A00B2E068 /* MovieFilterFixTests.xctest */ = {isa = PBXFileReference; explicitFileType = wrapper.cfbundle; includeInIndex = 0; path = MovieFilterFixTests.xctest; sourceTree = BUILT_PRODUCTS_DIR; };
		9B718C85242849D100B2E068 /* MovieManager.swift */ = {isa = PBXFileReference; lastKnownFileType = sourcecode.swift; path = MovieManager.swift; sourceTree = "<group>"; };
		9B718C8724284E8D00B2E068 /* MovieFilterFix-Bridging-Header.h */ = {isa = PBXFileReference; lastKnownFileType = sourcecode.c.h; path = "MovieFilterFix-Bridging-Header.h"; sourceTree = "<group>"; };
		9B718C8824284E8D00B2E068 /* sortLib.h */ = {isa = PBXFileReference; lastKnownFileType = sourcecode.c.h; name = sortLib.h; path = MovieFilterFix/sortLib.h; sourceTree = "<group>"; };
		9BF98E78242ED5A600BCDA3B /* libSort.c */ = {isa = PBXFileReference; fileEncoding = 4; lastKnownFileType = sourcecode.c.c; name = libSort.c; path = MovieFilterFix/libSort.c; sourceTree = "<group>"; };
/* End PBXFileReference section */

/* Begin PBXFrameworksBuildPhase section */
		9B5C3C8A2430A4C100718FA5 /* Frameworks */ = {
			isa = PBXFrameworksBuildPhase;
			buildActionMask = 2147483647;
			files = (
			);
			runOnlyForDeploymentPostprocessing = 0;
		};
		9B718C5A2428481700B2E068 /* Frameworks */ = {
			isa = PBXFrameworksBuildPhase;
			buildActionMask = 2147483647;
			files = (
				9B5C3C4E242EF65E00718FA5 /* CryptoSwift.framework in Frameworks */,
			);
			runOnlyForDeploymentPostprocessing = 0;
		};
		9B718C702428481A00B2E068 /* Frameworks */ = {
			isa = PBXFrameworksBuildPhase;
			buildActionMask = 2147483647;
			files = (
			);
			runOnlyForDeploymentPostprocessing = 0;
		};
/* End PBXFrameworksBuildPhase section */

/* Begin PBXGroup section */
		9B47BE112428F395002021FA /* Frameworks */ = {
			isa = PBXGroup;
			children = (
				9B47BE122428F395002021FA /* libsortLib.a */,
				9B5C3C3A242EF5FE00718FA5 /* CryptoSwift.xcodeproj */,
			);
			name = Frameworks;
			sourceTree = "<group>";
		};
		9B5C3C3B242EF5FE00718FA5 /* Products */ = {
			isa = PBXGroup;
			children = (
				9B5C3C43242EF5FE00718FA5 /* CryptoSwift.framework */,
				9B5C3C45242EF5FE00718FA5 /* CryptoSwift-TestHostApp.app */,
				9B5C3C47242EF5FE00718FA5 /* CryptoSwiftTests.xctest */,
				9B5C3C49242EF5FE00718FA5 /* TestsPerformance-Mac.xctest */,
				9B5C3C4B242EF5FE00718FA5 /* TestsPerformance-iOS.xctest */,
			);
			name = Products;
			sourceTree = "<group>";
		};
		9B5C3C8E2430A4C100718FA5 /* MovieFilterFixTestsBundle */ = {
			isa = PBXGroup;
			children = (
				9B5C3C8F2430A4C100718FA5 /* MovieFilterFixTestsBundle.swift */,
				9B5C3C912430A4C100718FA5 /* Info.plist */,
			);
			path = MovieFilterFixTestsBundle;
			sourceTree = "<group>";
		};
		9B718C542428481700B2E068 = {
			isa = PBXGroup;
			children = (
				9BF98E78242ED5A600BCDA3B /* libSort.c */,
				9B718C8824284E8D00B2E068 /* sortLib.h */,
				9B718C5F2428481700B2E068 /* MovieFilterFix */,
				9B5C3C8E2430A4C100718FA5 /* MovieFilterFixTestsBundle */,
				9B718C5E2428481700B2E068 /* Products */,
				9B718C8724284E8D00B2E068 /* MovieFilterFix-Bridging-Header.h */,
				9B47BE112428F395002021FA /* Frameworks */,
			);
			sourceTree = "<group>";
		};
		9B718C5E2428481700B2E068 /* Products */ = {
			isa = PBXGroup;
			children = (
				9B718C5D2428481700B2E068 /* MovieFilterFix.app */,
				9B718C732428481A00B2E068 /* MovieFilterFixTests.xctest */,
				9B5C3C8D2430A4C100718FA5 /* MovieFilterFixTestsBundle.xctest */,
			);
			name = Products;
			sourceTree = "<group>";
		};
		9B718C5F2428481700B2E068 /* MovieFilterFix */ = {
			isa = PBXGroup;
			children = (
				9B718C602428481700B2E068 /* AppDelegate.swift */,
				9B718C622428481700B2E068 /* SceneDelegate.swift */,
				9B718C842428490D00B2E068 /* Model */,
				9B718C83242848FE00B2E068 /* View */,
				9B718C822428489400B2E068 /* Controller */,
				9B718C692428481A00B2E068 /* Assets.xcassets */,
				9B718C6B2428481A00B2E068 /* LaunchScreen.storyboard */,
				9B718C6E2428481A00B2E068 /* Info.plist */,
			);
			path = MovieFilterFix;
			sourceTree = "<group>";
		};
		9B718C822428489400B2E068 /* Controller */ = {
			isa = PBXGroup;
			children = (
				9B718C642428481700B2E068 /* ViewController.swift */,
			);
			path = Controller;
			sourceTree = "<group>";
		};
		9B718C83242848FE00B2E068 /* View */ = {
			isa = PBXGroup;
			children = (
				9B718C662428481700B2E068 /* Main.storyboard */,
			);
			path = View;
			sourceTree = "<group>";
		};
		9B718C842428490D00B2E068 /* Model */ = {
			isa = PBXGroup;
			children = (
				9B718C85242849D100B2E068 /* MovieManager.swift */,
			);
			path = Model;
			sourceTree = "<group>";
		};
/* End PBXGroup section */

/* Begin PBXNativeTarget section */
		9B5C3C8C2430A4C100718FA5 /* MovieFilterFixTestsBundle */ = {
			isa = PBXNativeTarget;
			buildConfigurationList = 9B5C3C9A2430A4C100718FA5 /* Build configuration list for PBXNativeTarget "MovieFilterFixTestsBundle" */;
			buildPhases = (
				9B5C3C892430A4C100718FA5 /* Sources */,
				9B5C3C8A2430A4C100718FA5 /* Frameworks */,
				9B5C3C8B2430A4C100718FA5 /* Resources */,
			);
			buildRules = (
			);
			dependencies = (
				9B5C3C932430A4C100718FA5 /* PBXTargetDependency */,
			);
			name = MovieFilterFixTestsBundle;
			productName = MovieFilterFixTestsBundle;
			productReference = 9B5C3C8D2430A4C100718FA5 /* MovieFilterFixTestsBundle.xctest */;
			productType = "com.apple.product-type.bundle.unit-test";
		};
		9B718C5C2428481700B2E068 /* MovieFilterFix */ = {
			isa = PBXNativeTarget;
			buildConfigurationList = 9B718C7C2428481A00B2E068 /* Build configuration list for PBXNativeTarget "MovieFilterFix" */;
			buildPhases = (
				9B718C592428481700B2E068 /* Sources */,
				9B718C5A2428481700B2E068 /* Frameworks */,
				9B718C5B2428481700B2E068 /* Resources */,
			);
			buildRules = (
			);
			dependencies = (
				9B5C3C4D242EF63400718FA5 /* PBXTargetDependency */,
			);
			name = MovieFilterFix;
			productName = MovieFilterFix;
			productReference = 9B718C5D2428481700B2E068 /* MovieFilterFix.app */;
			productType = "com.apple.product-type.application";
		};
		9B718C722428481A00B2E068 /* MovieFilterFixTests */ = {
			isa = PBXNativeTarget;
			buildConfigurationList = 9B718C7F2428481A00B2E068 /* Build configuration list for PBXNativeTarget "MovieFilterFixTests" */;
			buildPhases = (
				9B718C6F2428481A00B2E068 /* Sources */,
				9B718C702428481A00B2E068 /* Frameworks */,
				9B718C712428481A00B2E068 /* Resources */,
			);
			buildRules = (
			);
			dependencies = (
				9B718C752428481A00B2E068 /* PBXTargetDependency */,
			);
			name = MovieFilterFixTests;
			productName = MovieFilterFixTests;
			productReference = 9B718C732428481A00B2E068 /* MovieFilterFixTests.xctest */;
			productType = "com.apple.product-type.bundle.unit-test";
		};
/* End PBXNativeTarget section */

/* Begin PBXProject section */
		9B718C552428481700B2E068 /* Project object */ = {
			isa = PBXProject;
			attributes = {
				LastSwiftUpdateCheck = 1140;
				LastUpgradeCheck = 1130;
				ORGANIZATIONNAME = "Wu Jian";
				TargetAttributes = {
					9B5C3C8C2430A4C100718FA5 = {
						CreatedOnToolsVersion = 11.4;
						TestTargetID = 9B718C5C2428481700B2E068;
					};
					9B718C5C2428481700B2E068 = {
						CreatedOnToolsVersion = 11.3.1;
						LastSwiftMigration = 1130;
					};
					9B718C722428481A00B2E068 = {
						CreatedOnToolsVersion = 11.3.1;
						TestTargetID = 9B718C5C2428481700B2E068;
					};
				};
			};
			buildConfigurationList = 9B718C582428481700B2E068 /* Build configuration list for PBXProject "MovieFilterFix" */;
			compatibilityVersion = "Xcode 9.3";
			developmentRegion = en;
			hasScannedForEncodings = 0;
			knownRegions = (
				en,
				Base,
			);
			mainGroup = 9B718C542428481700B2E068;
			productRefGroup = 9B718C5E2428481700B2E068 /* Products */;
			projectDirPath = "";
			projectReferences = (
				{
					ProductGroup = 9B5C3C3B242EF5FE00718FA5 /* Products */;
					ProjectRef = 9B5C3C3A242EF5FE00718FA5 /* CryptoSwift.xcodeproj */;
				},
			);
			projectRoot = "";
			targets = (
				9B718C5C2428481700B2E068 /* MovieFilterFix */,
				9B718C722428481A00B2E068 /* MovieFilterFixTests */,
				9B5C3C8C2430A4C100718FA5 /* MovieFilterFixTestsBundle */,
			);
		};
/* End PBXProject section */

/* Begin PBXReferenceProxy section */
		9B5C3C43242EF5FE00718FA5 /* CryptoSwift.framework */ = {
			isa = PBXReferenceProxy;
			fileType = wrapper.framework;
			path = CryptoSwift.framework;
			remoteRef = 9B5C3C42242EF5FE00718FA5 /* PBXContainerItemProxy */;
			sourceTree = BUILT_PRODUCTS_DIR;
		};
		9B5C3C45242EF5FE00718FA5 /* CryptoSwift-TestHostApp.app */ = {
			isa = PBXReferenceProxy;
			fileType = wrapper.application;
			path = "CryptoSwift-TestHostApp.app";
			remoteRef = 9B5C3C44242EF5FE00718FA5 /* PBXContainerItemProxy */;
			sourceTree = BUILT_PRODUCTS_DIR;
		};
		9B5C3C47242EF5FE00718FA5 /* CryptoSwiftTests.xctest */ = {
			isa = PBXReferenceProxy;
			fileType = wrapper.cfbundle;
			path = CryptoSwiftTests.xctest;
			remoteRef = 9B5C3C46242EF5FE00718FA5 /* PBXContainerItemProxy */;
			sourceTree = BUILT_PRODUCTS_DIR;
		};
		9B5C3C49242EF5FE00718FA5 /* TestsPerformance-Mac.xctest */ = {
			isa = PBXReferenceProxy;
			fileType = wrapper.cfbundle;
			path = "TestsPerformance-Mac.xctest";
			remoteRef = 9B5C3C48242EF5FE00718FA5 /* PBXContainerItemProxy */;
			sourceTree = BUILT_PRODUCTS_DIR;
		};
		9B5C3C4B242EF5FE00718FA5 /* TestsPerformance-iOS.xctest */ = {
			isa = PBXReferenceProxy;
			fileType = wrapper.cfbundle;
			path = "TestsPerformance-iOS.xctest";
			remoteRef = 9B5C3C4A242EF5FE00718FA5 /* PBXContainerItemProxy */;
			sourceTree = BUILT_PRODUCTS_DIR;
		};
/* End PBXReferenceProxy section */

/* Begin PBXResourcesBuildPhase section */
		9B5C3C8B2430A4C100718FA5 /* Resources */ = {
			isa = PBXResourcesBuildPhase;
			buildActionMask = 2147483647;
			files = (
			);
			runOnlyForDeploymentPostprocessing = 0;
		};
		9B718C5B2428481700B2E068 /* Resources */ = {
			isa = PBXResourcesBuildPhase;
			buildActionMask = 2147483647;
			files = (
				9B718C6D2428481A00B2E068 /* LaunchScreen.storyboard in Resources */,
				9B718C6A2428481A00B2E068 /* Assets.xcassets in Resources */,
				9B718C682428481700B2E068 /* Main.storyboard in Resources */,
			);
			runOnlyForDeploymentPostprocessing = 0;
		};
		9B718C712428481A00B2E068 /* Resources */ = {
			isa = PBXResourcesBuildPhase;
			buildActionMask = 2147483647;
			files = (
			);
			runOnlyForDeploymentPostprocessing = 0;
		};
/* End PBXResourcesBuildPhase section */

/* Begin PBXSourcesBuildPhase section */
		9B5C3C892430A4C100718FA5 /* Sources */ = {
			isa = PBXSourcesBuildPhase;
			buildActionMask = 2147483647;
			files = (
				9B5C3C902430A4C100718FA5 /* MovieFilterFixTestsBundle.swift in Sources */,
			);
			runOnlyForDeploymentPostprocessing = 0;
		};
		9B718C592428481700B2E068 /* Sources */ = {
			isa = PBXSourcesBuildPhase;
			buildActionMask = 2147483647;
			files = (
				9B718C86242849D100B2E068 /* MovieManager.swift in Sources */,
				9B718C652428481700B2E068 /* ViewController.swift in Sources */,
				9B718C612428481700B2E068 /* AppDelegate.swift in Sources */,
				9B718C632428481700B2E068 /* SceneDelegate.swift in Sources */,
				9BF98E79242ED5A700BCDA3B /* libSort.c in Sources */,
			);
			runOnlyForDeploymentPostprocessing = 0;
		};
		9B718C6F2428481A00B2E068 /* Sources */ = {
			isa = PBXSourcesBuildPhase;
			buildActionMask = 2147483647;
			files = (
			);
			runOnlyForDeploymentPostprocessing = 0;
		};
/* End PBXSourcesBuildPhase section */

/* Begin PBXTargetDependency section */
		9B5C3C4D242EF63400718FA5 /* PBXTargetDependency */ = {
			isa = PBXTargetDependency;
			name = CryptoSwift;
			targetProxy = 9B5C3C4C242EF63400718FA5 /* PBXContainerItemProxy */;
		};
		9B5C3C932430A4C100718FA5 /* PBXTargetDependency */ = {
			isa = PBXTargetDependency;
			target = 9B718C5C2428481700B2E068 /* MovieFilterFix */;
			targetProxy = 9B5C3C922430A4C100718FA5 /* PBXContainerItemProxy */;
		};
		9B718C752428481A00B2E068 /* PBXTargetDependency */ = {
			isa = PBXTargetDependency;
			target = 9B718C5C2428481700B2E068 /* MovieFilterFix */;
			targetProxy = 9B718C742428481A00B2E068 /* PBXContainerItemProxy */;
		};
/* End PBXTargetDependency section */

/* Begin PBXVariantGroup section */
		9B718C662428481700B2E068 /* Main.storyboard */ = {
			isa = PBXVariantGroup;
			children = (
				9B718C672428481700B2E068 /* Base */,
			);
			name = Main.storyboard;
			sourceTree = "<group>";
		};
		9B718C6B2428481A00B2E068 /* LaunchScreen.storyboard */ = {
			isa = PBXVariantGroup;
			children = (
				9B718C6C2428481A00B2E068 /* Base */,
			);
			name = LaunchScreen.storyboard;
			sourceTree = "<group>";
		};
/* End PBXVariantGroup section */

/* Begin XCBuildConfiguration section */
		9B5C3C942430A4C100718FA5 /* Debug */ = {
			isa = XCBuildConfiguration;
			buildSettings = {
				BUNDLE_LOADER = "$(TEST_HOST)";
				CODE_SIGN_STYLE = Automatic;
				INFOPLIST_FILE = MovieFilterFixTestsBundle/Info.plist;
				IPHONEOS_DEPLOYMENT_TARGET = 13.4;
				LD_RUNPATH_SEARCH_PATHS = (
					"$(inherited)",
					"@executable_path/Frameworks",
					"@loader_path/Frameworks",
				);
				PRODUCT_BUNDLE_IDENTIFIER = kenji.MovieFilterFixTestsBundle;
				PRODUCT_NAME = "$(TARGET_NAME)";
				SWIFT_VERSION = 5.0;
				TARGETED_DEVICE_FAMILY = "1,2";
				TEST_HOST = "$(BUILT_PRODUCTS_DIR)/MovieFilterFix.app/MovieFilterFix";
			};
			name = Debug;
		};
		9B5C3C952430A4C100718FA5 /* Release */ = {
			isa = XCBuildConfiguration;
			buildSettings = {
				BUNDLE_LOADER = "$(TEST_HOST)";
				CODE_SIGN_STYLE = Automatic;
				INFOPLIST_FILE = MovieFilterFixTestsBundle/Info.plist;
				IPHONEOS_DEPLOYMENT_TARGET = 13.4;
				LD_RUNPATH_SEARCH_PATHS = (
					"$(inherited)",
					"@executable_path/Frameworks",
					"@loader_path/Frameworks",
				);
				PRODUCT_BUNDLE_IDENTIFIER = kenji.MovieFilterFixTestsBundle;
				PRODUCT_NAME = "$(TARGET_NAME)";
				SWIFT_VERSION = 5.0;
				TARGETED_DEVICE_FAMILY = "1,2";
				TEST_HOST = "$(BUILT_PRODUCTS_DIR)/MovieFilterFix.app/MovieFilterFix";
			};
			name = Release;
		};
		9B718C7A2428481A00B2E068 /* Debug */ = {
			isa = XCBuildConfiguration;
			buildSettings = {
				ALWAYS_SEARCH_USER_PATHS = NO;
				CLANG_ANALYZER_NONNULL = YES;
				CLANG_ANALYZER_NUMBER_OBJECT_CONVERSION = YES_AGGRESSIVE;
				CLANG_CXX_LANGUAGE_STANDARD = "gnu++14";
				CLANG_CXX_LIBRARY = "libc++";
				CLANG_ENABLE_MODULES = YES;
				CLANG_ENABLE_OBJC_ARC = YES;
				CLANG_ENABLE_OBJC_WEAK = YES;
				CLANG_WARN_BLOCK_CAPTURE_AUTORELEASING = YES;
				CLANG_WARN_BOOL_CONVERSION = YES;
				CLANG_WARN_COMMA = YES;
				CLANG_WARN_CONSTANT_CONVERSION = YES;
				CLANG_WARN_DEPRECATED_OBJC_IMPLEMENTATIONS = YES;
				CLANG_WARN_DIRECT_OBJC_ISA_USAGE = YES_ERROR;
				CLANG_WARN_DOCUMENTATION_COMMENTS = YES;
				CLANG_WARN_EMPTY_BODY = YES;
				CLANG_WARN_ENUM_CONVERSION = YES;
				CLANG_WARN_INFINITE_RECURSION = YES;
				CLANG_WARN_INT_CONVERSION = YES;
				CLANG_WARN_NON_LITERAL_NULL_CONVERSION = YES;
				CLANG_WARN_OBJC_IMPLICIT_RETAIN_SELF = YES;
				CLANG_WARN_OBJC_LITERAL_CONVERSION = YES;
				CLANG_WARN_OBJC_ROOT_CLASS = YES_ERROR;
				CLANG_WARN_RANGE_LOOP_ANALYSIS = YES;
				CLANG_WARN_STRICT_PROTOTYPES = YES;
				CLANG_WARN_SUSPICIOUS_MOVE = YES;
				CLANG_WARN_UNGUARDED_AVAILABILITY = YES_AGGRESSIVE;
				CLANG_WARN_UNREACHABLE_CODE = YES;
				CLANG_WARN__DUPLICATE_METHOD_MATCH = YES;
				COPY_PHASE_STRIP = NO;
				DEBUG_INFORMATION_FORMAT = dwarf;
				ENABLE_STRICT_OBJC_MSGSEND = YES;
				ENABLE_TESTABILITY = YES;
				GCC_C_LANGUAGE_STANDARD = gnu11;
				GCC_DYNAMIC_NO_PIC = NO;
				GCC_NO_COMMON_BLOCKS = YES;
				GCC_OPTIMIZATION_LEVEL = 0;
				GCC_PREPROCESSOR_DEFINITIONS = (
					"DEBUG=1",
					"$(inherited)",
				);
				GCC_WARN_64_TO_32_BIT_CONVERSION = YES;
				GCC_WARN_ABOUT_RETURN_TYPE = YES_ERROR;
				GCC_WARN_UNDECLARED_SELECTOR = YES;
				GCC_WARN_UNINITIALIZED_AUTOS = YES_AGGRESSIVE;
				GCC_WARN_UNUSED_FUNCTION = YES;
				GCC_WARN_UNUSED_VARIABLE = YES;
				IPHONEOS_DEPLOYMENT_TARGET = 13.2;
				MTL_ENABLE_DEBUG_INFO = INCLUDE_SOURCE;
				MTL_FAST_MATH = YES;
				ONLY_ACTIVE_ARCH = YES;
				SDKROOT = iphoneos;
				SWIFT_ACTIVE_COMPILATION_CONDITIONS = DEBUG;
				SWIFT_OPTIMIZATION_LEVEL = "-Onone";
			};
			name = Debug;
		};
		9B718C7B2428481A00B2E068 /* Release */ = {
			isa = XCBuildConfiguration;
			buildSettings = {
				ALWAYS_SEARCH_USER_PATHS = NO;
				CLANG_ANALYZER_NONNULL = YES;
				CLANG_ANALYZER_NUMBER_OBJECT_CONVERSION = YES_AGGRESSIVE;
				CLANG_CXX_LANGUAGE_STANDARD = "gnu++14";
				CLANG_CXX_LIBRARY = "libc++";
				CLANG_ENABLE_MODULES = YES;
				CLANG_ENABLE_OBJC_ARC = YES;
				CLANG_ENABLE_OBJC_WEAK = YES;
				CLANG_WARN_BLOCK_CAPTURE_AUTORELEASING = YES;
				CLANG_WARN_BOOL_CONVERSION = YES;
				CLANG_WARN_COMMA = YES;
				CLANG_WARN_CONSTANT_CONVERSION = YES;
				CLANG_WARN_DEPRECATED_OBJC_IMPLEMENTATIONS = YES;
				CLANG_WARN_DIRECT_OBJC_ISA_USAGE = YES_ERROR;
				CLANG_WARN_DOCUMENTATION_COMMENTS = YES;
				CLANG_WARN_EMPTY_BODY = YES;
				CLANG_WARN_ENUM_CONVERSION = YES;
				CLANG_WARN_INFINITE_RECURSION = YES;
				CLANG_WARN_INT_CONVERSION = YES;
				CLANG_WARN_NON_LITERAL_NULL_CONVERSION = YES;
				CLANG_WARN_OBJC_IMPLICIT_RETAIN_SELF = YES;
				CLANG_WARN_OBJC_LITERAL_CONVERSION = YES;
				CLANG_WARN_OBJC_ROOT_CLASS = YES_ERROR;
				CLANG_WARN_RANGE_LOOP_ANALYSIS = YES;
				CLANG_WARN_STRICT_PROTOTYPES = YES;
				CLANG_WARN_SUSPICIOUS_MOVE = YES;
				CLANG_WARN_UNGUARDED_AVAILABILITY = YES_AGGRESSIVE;
				CLANG_WARN_UNREACHABLE_CODE = YES;
				CLANG_WARN__DUPLICATE_METHOD_MATCH = YES;
				COPY_PHASE_STRIP = NO;
				DEBUG_INFORMATION_FORMAT = "dwarf-with-dsym";
				ENABLE_NS_ASSERTIONS = NO;
				ENABLE_STRICT_OBJC_MSGSEND = YES;
				GCC_C_LANGUAGE_STANDARD = gnu11;
				GCC_NO_COMMON_BLOCKS = YES;
				GCC_WARN_64_TO_32_BIT_CONVERSION = YES;
				GCC_WARN_ABOUT_RETURN_TYPE = YES_ERROR;
				GCC_WARN_UNDECLARED_SELECTOR = YES;
				GCC_WARN_UNINITIALIZED_AUTOS = YES_AGGRESSIVE;
				GCC_WARN_UNUSED_FUNCTION = YES;
				GCC_WARN_UNUSED_VARIABLE = YES;
				IPHONEOS_DEPLOYMENT_TARGET = 13.2;
				MTL_ENABLE_DEBUG_INFO = NO;
				MTL_FAST_MATH = YES;
				SDKROOT = iphoneos;
				SWIFT_COMPILATION_MODE = wholemodule;
				SWIFT_OPTIMIZATION_LEVEL = "-O";
				VALIDATE_PRODUCT = YES;
			};
			name = Release;
		};
		9B718C7D2428481A00B2E068 /* Debug */ = {
			isa = XCBuildConfiguration;
			buildSettings = {
				ASSETCATALOG_COMPILER_APPICON_NAME = AppIcon;
				CLANG_ENABLE_MODULES = YES;
				CODE_SIGN_STYLE = Automatic;
				INFOPLIST_FILE = MovieFilterFix/Info.plist;
				LD_RUNPATH_SEARCH_PATHS = (
					"$(inherited)",
					"@executable_path/Frameworks",
				);
				LIBRARY_SEARCH_PATHS = (
					"$(inherited)",
					"$(PROJECT_DIR)/MovieFilterFix",
				);
				PRODUCT_BUNDLE_IDENTIFIER = kenji.MovieFilterFix;
				PRODUCT_NAME = "$(TARGET_NAME)";
				SWIFT_OBJC_BRIDGING_HEADER = "MovieFilterFix-Bridging-Header.h";
				SWIFT_OPTIMIZATION_LEVEL = "-Onone";
				SWIFT_VERSION = 5.0;
				TARGETED_DEVICE_FAMILY = "1,2";
			};
			name = Debug;
		};
		9B718C7E2428481A00B2E068 /* Release */ = {
			isa = XCBuildConfiguration;
			buildSettings = {
				ASSETCATALOG_COMPILER_APPICON_NAME = AppIcon;
				CLANG_ENABLE_MODULES = YES;
				CODE_SIGN_STYLE = Automatic;
				INFOPLIST_FILE = MovieFilterFix/Info.plist;
				LD_RUNPATH_SEARCH_PATHS = (
					"$(inherited)",
					"@executable_path/Frameworks",
				);
				LIBRARY_SEARCH_PATHS = (
					"$(inherited)",
					"$(PROJECT_DIR)/MovieFilterFix",
				);
				PRODUCT_BUNDLE_IDENTIFIER = kenji.MovieFilterFix;
				PRODUCT_NAME = "$(TARGET_NAME)";
				SWIFT_OBJC_BRIDGING_HEADER = "MovieFilterFix-Bridging-Header.h";
				SWIFT_VERSION = 5.0;
				TARGETED_DEVICE_FAMILY = "1,2";
			};
			name = Release;
		};
		9B718C802428481A00B2E068 /* Debug */ = {
			isa = XCBuildConfiguration;
			buildSettings = {
				ALWAYS_EMBED_SWIFT_STANDARD_LIBRARIES = YES;
				BUNDLE_LOADER = "$(TEST_HOST)";
				CODE_SIGN_STYLE = Automatic;
				INFOPLIST_FILE = MovieFilterFixTests/Info.plist;
				IPHONEOS_DEPLOYMENT_TARGET = 13.2;
				LD_RUNPATH_SEARCH_PATHS = (
					"$(inherited)",
					"@executable_path/Frameworks",
					"@loader_path/Frameworks",
				);
				PRODUCT_BUNDLE_IDENTIFIER = kenji.MovieFilterFixTests;
				PRODUCT_NAME = "$(TARGET_NAME)";
				SWIFT_VERSION = 5.0;
				TARGETED_DEVICE_FAMILY = "1,2";
				TEST_HOST = "$(BUILT_PRODUCTS_DIR)/MovieFilterFix.app/MovieFilterFix";
			};
			name = Debug;
		};
		9B718C812428481A00B2E068 /* Release */ = {
			isa = XCBuildConfiguration;
			buildSettings = {
				ALWAYS_EMBED_SWIFT_STANDARD_LIBRARIES = YES;
				BUNDLE_LOADER = "$(TEST_HOST)";
				CODE_SIGN_STYLE = Automatic;
				INFOPLIST_FILE = MovieFilterFixTests/Info.plist;
				IPHONEOS_DEPLOYMENT_TARGET = 13.2;
				LD_RUNPATH_SEARCH_PATHS = (
					"$(inherited)",
					"@executable_path/Frameworks",
					"@loader_path/Frameworks",
				);
				PRODUCT_BUNDLE_IDENTIFIER = kenji.MovieFilterFixTests;
				PRODUCT_NAME = "$(TARGET_NAME)";
				SWIFT_VERSION = 5.0;
				TARGETED_DEVICE_FAMILY = "1,2";
				TEST_HOST = "$(BUILT_PRODUCTS_DIR)/MovieFilterFix.app/MovieFilterFix";
			};
			name = Release;
		};
/* End XCBuildConfiguration section */

/* Begin XCConfigurationList section */
		9B5C3C9A2430A4C100718FA5 /* Build configuration list for PBXNativeTarget "MovieFilterFixTestsBundle" */ = {
			isa = XCConfigurationList;
			buildConfigurations = (
				9B5C3C942430A4C100718FA5 /* Debug */,
				9B5C3C952430A4C100718FA5 /* Release */,
			);
			defaultConfigurationIsVisible = 0;
			defaultConfigurationName = Release;
		};
		9B718C582428481700B2E068 /* Build configuration list for PBXProject "MovieFilterFix" */ = {
			isa = XCConfigurationList;
			buildConfigurations = (
				9B718C7A2428481A00B2E068 /* Debug */,
				9B718C7B2428481A00B2E068 /* Release */,
			);
			defaultConfigurationIsVisible = 0;
			defaultConfigurationName = Release;
		};
		9B718C7C2428481A00B2E068 /* Build configuration list for PBXNativeTarget "MovieFilterFix" */ = {
			isa = XCConfigurationList;
			buildConfigurations = (
				9B718C7D2428481A00B2E068 /* Debug */,
				9B718C7E2428481A00B2E068 /* Release */,
			);
			defaultConfigurationIsVisible = 0;
			defaultConfigurationName = Release;
		};
		9B718C7F2428481A00B2E068 /* Build configuration list for PBXNativeTarget "MovieFilterFixTests" */ = {
			isa = XCConfigurationList;
			buildConfigurations = (
				9B718C802428481A00B2E068 /* Debug */,
				9B718C812428481A00B2E068 /* Release */,
			);
			defaultConfigurationIsVisible = 0;
			defaultConfigurationName = Release;
		};
/* End XCConfigurationList section */
	};
	rootObject = 9B718C552428481700B2E068 /* Project object */;
}
